
Microsoft Visual Studio Solution File, Format Version 12.00
# Visual Studio Version 17
VisualStudioVersion = 17.5.2.0
MinimumVisualStudioVersion = 10.0.40219.1
Project("{FAE04EC0-301F-11D3-BF4B-00C04F79EFBC}") = "Floréa", "Floréa.csproj", "{EAEFC18F-B909-7548-8805-F0B58FF1391A}"
EndProject
Global
	GlobalSection(SolutionConfigurationPlatforms) = preSolution
		Debug|Any CPU = Debug|Any CPU
		Release|Any CPU = Release|Any CPU
	EndGlobalSection
	GlobalSection(ProjectConfigurationPlatforms) = postSolution
		{EAEFC18F-B909-7548-8805-F0B58FF1391A}.Debug|Any CPU.ActiveCfg = Debug|Any CPU
		{EAEFC18F-B909-7548-8805-F0B58FF1391A}.Debug|Any CPU.Build.0 = Debug|Any CPU
		{EAEFC18F-B909-7548-8805-F0B58FF1391A}.Release|Any CPU.ActiveCfg = Release|Any CPU
		{EAEFC18F-B909-7548-8805-F0B58FF1391A}.Release|Any CPU.Build.0 = Release|Any CPU
	EndGlobalSection
	GlobalSection(SolutionProperties) = preSolution
		HideSolutionNode = FALSE
	EndGlobalSection
	GlobalSection(ExtensibilityGlobals) = postSolution
		SolutionGuid = {3C2BA2FD-1173-4141-A287-3287748558BC}
	EndGlobalSection
EndGlobal
